// !$*UTF8*$!
{
	archiveVersion = 1;
	classes = {
	};
	objectVersion = 60;
	objects = {

/* Begin PBXBuildFile section */
		F82DC7BA2C7417FE00E73F6B /* Date+Extesnsion.swift in Sources */ = {isa = PBXBuildFile; fileRef = F82DC7B92C7417FE00E73F6B /* Date+Extesnsion.swift */; };
		F82DC7BC2C741CB800E73F6B /* CardView.swift in Sources */ = {isa = PBXBuildFile; fileRef = F82DC7BB2C741CB800E73F6B /* CardView.swift */; };
		F83BB5C82C7245FE005B4EC9 /* IntroScreen.swift in Sources */ = {isa = PBXBuildFile; fileRef = F83BB5C72C7245FE005B4EC9 /* IntroScreen.swift */; };
		F83BB5CA2C724784005B4EC9 /* Constant.swift in Sources */ = {isa = PBXBuildFile; fileRef = F83BB5C92C724784005B4EC9 /* Constant.swift */; };
		F83BB5CC2C724A25005B4EC9 /* Tab.swift in Sources */ = {isa = PBXBuildFile; fileRef = F83BB5CB2C724A25005B4EC9 /* Tab.swift */; };
		F83BB5CE2C724D78005B4EC9 /* Transaction.swift in Sources */ = {isa = PBXBuildFile; fileRef = F83BB5CD2C724D78005B4EC9 /* Transaction.swift */; };
		F83BB5D02C724F7E005B4EC9 /* Recents.swift in Sources */ = {isa = PBXBuildFile; fileRef = F83BB5CF2C724F7E005B4EC9 /* Recents.swift */; };
		F83BB5D22C724FA3005B4EC9 /* Search.swift in Sources */ = {isa = PBXBuildFile; fileRef = F83BB5D12C724FA3005B4EC9 /* Search.swift */; };
		F83BB5D42C724FC6005B4EC9 /* Graphs.swift in Sources */ = {isa = PBXBuildFile; fileRef = F83BB5D32C724FC6005B4EC9 /* Graphs.swift */; };
		F83BB5D62C724FE0005B4EC9 /* Settings.swift in Sources */ = {isa = PBXBuildFile; fileRef = F83BB5D52C724FE0005B4EC9 /* Settings.swift */; };
		F83BB5D82C725225005B4EC9 /* View+Extension.swift in Sources */ = {isa = PBXBuildFile; fileRef = F83BB5D72C725225005B4EC9 /* View+Extension.swift */; };
		F84541EC2C778FAA0093290D /* WidgetKit.framework in Frameworks */ = {isa = PBXBuildFile; fileRef = F84541EB2C778FAA0093290D /* WidgetKit.framework */; };
		F84541ED2C778FAA0093290D /* SwiftUI.framework in Frameworks */ = {isa = PBXBuildFile; fileRef = F8C54AE62C76372800E6AA02 /* SwiftUI.framework */; };
		F84541F02C778FAA0093290D /* StartCardViewLiveActivity.swift in Sources */ = {isa = PBXBuildFile; fileRef = F84541EF2C778FAA0093290D /* StartCardViewLiveActivity.swift */; };
		F84541F22C778FAA0093290D /* StartCardViewBundle.swift in Sources */ = {isa = PBXBuildFile; fileRef = F84541F12C778FAA0093290D /* StartCardViewBundle.swift */; };
		F84541F42C778FAA0093290D /* StartCardViewControl.swift in Sources */ = {isa = PBXBuildFile; fileRef = F84541F32C778FAA0093290D /* StartCardViewControl.swift */; };
		F84541F62C778FAA0093290D /* StartCardView.swift in Sources */ = {isa = PBXBuildFile; fileRef = F84541F52C778FAA0093290D /* StartCardView.swift */; };
		F84541F82C778FAA0093290D /* AppIntent.swift in Sources */ = {isa = PBXBuildFile; fileRef = F84541F72C778FAA0093290D /* AppIntent.swift */; };
		F84541FA2C778FAC0093290D /* Assets.xcassets in Resources */ = {isa = PBXBuildFile; fileRef = F84541F92C778FAC0093290D /* Assets.xcassets */; };
		F84541FF2C778FAC0093290D /* StartCardViewExtension.appex in Embed Foundation Extensions */ = {isa = PBXBuildFile; fileRef = F84541EA2C778FAA0093290D /* StartCardViewExtension.appex */; settings = {ATTRIBUTES = (RemoveHeadersOnCopy, ); }; };
		F85FD34F2C74E19100E38388 /* TransactionCardView.swift in Sources */ = {isa = PBXBuildFile; fileRef = F85FD34E2C74E19100E38388 /* TransactionCardView.swift */; };
		F85FD3512C74E77100E38388 /* DateFilterView.swift in Sources */ = {isa = PBXBuildFile; fileRef = F85FD3502C74E77100E38388 /* DateFilterView.swift */; };
		F85FD3532C74EE6300E38388 /* NewExpenseView.swift in Sources */ = {isa = PBXBuildFile; fileRef = F85FD3522C74EE6300E38388 /* NewExpenseView.swift */; };
		F8B6F4862C6E4ED50005BBDE /* AlbumHome.swift in Sources */ = {isa = PBXBuildFile; fileRef = F8B6F4852C6E4ED50005BBDE /* AlbumHome.swift */; };
		F8B6F4882C6E4F740005BBDE /* PhotoScrollView.swift in Sources */ = {isa = PBXBuildFile; fileRef = F8B6F4872C6E4F740005BBDE /* PhotoScrollView.swift */; };
		F8B6F48A2C6E57AF0005BBDE /* OtherContents.swift in Sources */ = {isa = PBXBuildFile; fileRef = F8B6F4892C6E57AF0005BBDE /* OtherContents.swift */; };
		F8B6F48D2C6E59CC0005BBDE /* SharedData.swift in Sources */ = {isa = PBXBuildFile; fileRef = F8B6F48C2C6E59CC0005BBDE /* SharedData.swift */; };
		F8B6F48F2C6EDBA20005BBDE /* PageIndicatorView.swift in Sources */ = {isa = PBXBuildFile; fileRef = F8B6F48E2C6EDBA20005BBDE /* PageIndicatorView.swift */; };
		F8B6F4922C6EDF2F0005BBDE /* CustomerGesture.swift in Sources */ = {isa = PBXBuildFile; fileRef = F8B6F4912C6EDF2F0005BBDE /* CustomerGesture.swift */; };
		F8C54AE72C76372800E6AA02 /* SwiftUICore.framework in Frameworks */ = {isa = PBXBuildFile; fileRef = F8C54AE52C76372800E6AA02 /* SwiftUICore.framework */; };
		F8C54AE82C76372800E6AA02 /* SwiftUI.framework in Frameworks */ = {isa = PBXBuildFile; fileRef = F8C54AE62C76372800E6AA02 /* SwiftUI.framework */; };
		F8C54AEA2C7641A600E6AA02 /* ChartModel.swift in Sources */ = {isa = PBXBuildFile; fileRef = F8C54AE92C7641A600E6AA02 /* ChartModel.swift */; };
		F8EB56AB2C6C4AE0005BC760 /* Home.swift in Sources */ = {isa = PBXBuildFile; fileRef = F8EB56AA2C6C4AE0005BC760 /* Home.swift */; };
		F8EB56AD2C6C4E02005BC760 /* CustomCornor.swift in Sources */ = {isa = PBXBuildFile; fileRef = F8EB56AC2C6C4E02005BC760 /* CustomCornor.swift */; };
		F8F8BF762C70BEB200F942F5 /* MusicHome.swift in Sources */ = {isa = PBXBuildFile; fileRef = F8F8BF752C70BEB200F942F5 /* MusicHome.swift */; };
		F8FF794F2C533DFA0007101A /* AppApp.swift in Sources */ = {isa = PBXBuildFile; fileRef = F8FF794E2C533DFA0007101A /* AppApp.swift */; };
		F8FF79512C533DFA0007101A /* ContentView.swift in Sources */ = {isa = PBXBuildFile; fileRef = F8FF79502C533DFA0007101A /* ContentView.swift */; };
		F8FF79532C533DFA0007101A /* Item.swift in Sources */ = {isa = PBXBuildFile; fileRef = F8FF79522C533DFA0007101A /* Item.swift */; };
		F8FF79552C533DFC0007101A /* Assets.xcassets in Resources */ = {isa = PBXBuildFile; fileRef = F8FF79542C533DFC0007101A /* Assets.xcassets */; };
		F8FF79592C533DFC0007101A /* Preview Assets.xcassets in Resources */ = {isa = PBXBuildFile; fileRef = F8FF79582C533DFC0007101A /* Preview Assets.xcassets */; };
		F8FF79632C533DFC0007101A /* AppTests.swift in Sources */ = {isa = PBXBuildFile; fileRef = F8FF79622C533DFC0007101A /* AppTests.swift */; };
		F8FF796D2C533DFC0007101A /* AppUITests.swift in Sources */ = {isa = PBXBuildFile; fileRef = F8FF796C2C533DFC0007101A /* AppUITests.swift */; };
		F8FF796F2C533DFC0007101A /* AppUITestsLaunchTests.swift in Sources */ = {isa = PBXBuildFile; fileRef = F8FF796E2C533DFC0007101A /* AppUITestsLaunchTests.swift */; };
/* End PBXBuildFile section */

/* Begin PBXContainerItemProxy section */
		F84541FC2C778FAC0093290D /* PBXContainerItemProxy */ = {
			isa = PBXContainerItemProxy;
			containerPortal = F8FF79432C533DFA0007101A /* Project object */;
			proxyType = 1;
			remoteGlobalIDString = F84541E92C778FAA0093290D;
			remoteInfo = StartCardViewExtension;
		};
		F8FF795F2C533DFC0007101A /* PBXContainerItemProxy */ = {
			isa = PBXContainerItemProxy;
			containerPortal = F8FF79432C533DFA0007101A /* Project object */;
			proxyType = 1;
			remoteGlobalIDString = F8FF794A2C533DFA0007101A;
			remoteInfo = App;
		};
		F8FF79692C533DFC0007101A /* PBXContainerItemProxy */ = {
			isa = PBXContainerItemProxy;
			containerPortal = F8FF79432C533DFA0007101A /* Project object */;
			proxyType = 1;
			remoteGlobalIDString = F8FF794A2C533DFA0007101A;
			remoteInfo = App;
		};
/* End PBXContainerItemProxy section */

/* Begin PBXCopyFilesBuildPhase section */
		F84541FE2C778FAC0093290D /* Embed Foundation Extensions */ = {
			isa = PBXCopyFilesBuildPhase;
			buildActionMask = 2147483647;
			dstPath = "";
			dstSubfolderSpec = 13;
			files = (
				F84541FF2C778FAC0093290D /* StartCardViewExtension.appex in Embed Foundation Extensions */,
			);
			name = "Embed Foundation Extensions";
			runOnlyForDeploymentPostprocessing = 0;
		};
/* End PBXCopyFilesBuildPhase section */

/* Begin PBXFileReference section */
		F82DC7B92C7417FE00E73F6B /* Date+Extesnsion.swift */ = {isa = PBXFileReference; lastKnownFileType = sourcecode.swift; path = "Date+Extesnsion.swift"; sourceTree = "<group>"; };
		F82DC7BB2C741CB800E73F6B /* CardView.swift */ = {isa = PBXFileReference; lastKnownFileType = sourcecode.swift; path = CardView.swift; sourceTree = "<group>"; };
		F83BB5C72C7245FE005B4EC9 /* IntroScreen.swift */ = {isa = PBXFileReference; lastKnownFileType = sourcecode.swift; path = IntroScreen.swift; sourceTree = "<group>"; };
		F83BB5C92C724784005B4EC9 /* Constant.swift */ = {isa = PBXFileReference; lastKnownFileType = sourcecode.swift; path = Constant.swift; sourceTree = "<group>"; };
		F83BB5CB2C724A25005B4EC9 /* Tab.swift */ = {isa = PBXFileReference; lastKnownFileType = sourcecode.swift; path = Tab.swift; sourceTree = "<group>"; };
		F83BB5CD2C724D78005B4EC9 /* Transaction.swift */ = {isa = PBXFileReference; lastKnownFileType = sourcecode.swift; path = Transaction.swift; sourceTree = "<group>"; };
		F83BB5CF2C724F7E005B4EC9 /* Recents.swift */ = {isa = PBXFileReference; lastKnownFileType = sourcecode.swift; path = Recents.swift; sourceTree = "<group>"; };
		F83BB5D12C724FA3005B4EC9 /* Search.swift */ = {isa = PBXFileReference; lastKnownFileType = sourcecode.swift; path = Search.swift; sourceTree = "<group>"; };
		F83BB5D32C724FC6005B4EC9 /* Graphs.swift */ = {isa = PBXFileReference; lastKnownFileType = sourcecode.swift; path = Graphs.swift; sourceTree = "<group>"; };
		F83BB5D52C724FE0005B4EC9 /* Settings.swift */ = {isa = PBXFileReference; lastKnownFileType = sourcecode.swift; path = Settings.swift; sourceTree = "<group>"; };
		F83BB5D72C725225005B4EC9 /* View+Extension.swift */ = {isa = PBXFileReference; lastKnownFileType = sourcecode.swift; path = "View+Extension.swift"; sourceTree = "<group>"; };
		F84541EA2C778FAA0093290D /* StartCardViewExtension.appex */ = {isa = PBXFileReference; explicitFileType = "wrapper.app-extension"; includeInIndex = 0; path = StartCardViewExtension.appex; sourceTree = BUILT_PRODUCTS_DIR; };
		F84541EB2C778FAA0093290D /* WidgetKit.framework */ = {isa = PBXFileReference; lastKnownFileType = wrapper.framework; name = WidgetKit.framework; path = System/Library/Frameworks/WidgetKit.framework; sourceTree = SDKROOT; };
		F84541EF2C778FAA0093290D /* StartCardViewLiveActivity.swift */ = {isa = PBXFileReference; lastKnownFileType = sourcecode.swift; path = StartCardViewLiveActivity.swift; sourceTree = "<group>"; };
		F84541F12C778FAA0093290D /* StartCardViewBundle.swift */ = {isa = PBXFileReference; lastKnownFileType = sourcecode.swift; path = StartCardViewBundle.swift; sourceTree = "<group>"; };
		F84541F32C778FAA0093290D /* StartCardViewControl.swift */ = {isa = PBXFileReference; lastKnownFileType = sourcecode.swift; path = StartCardViewControl.swift; sourceTree = "<group>"; };
		F84541F52C778FAA0093290D /* StartCardView.swift */ = {isa = PBXFileReference; lastKnownFileType = sourcecode.swift; path = StartCardView.swift; sourceTree = "<group>"; };
		F84541F72C778FAA0093290D /* AppIntent.swift */ = {isa = PBXFileReference; lastKnownFileType = sourcecode.swift; path = AppIntent.swift; sourceTree = "<group>"; };
		F84541F92C778FAC0093290D /* Assets.xcassets */ = {isa = PBXFileReference; lastKnownFileType = folder.assetcatalog; path = Assets.xcassets; sourceTree = "<group>"; };
		F84541FB2C778FAC0093290D /* Info.plist */ = {isa = PBXFileReference; lastKnownFileType = text.plist.xml; path = Info.plist; sourceTree = "<group>"; };
		F85FD34E2C74E19100E38388 /* TransactionCardView.swift */ = {isa = PBXFileReference; lastKnownFileType = sourcecode.swift; path = TransactionCardView.swift; sourceTree = "<group>"; };
		F85FD3502C74E77100E38388 /* DateFilterView.swift */ = {isa = PBXFileReference; lastKnownFileType = sourcecode.swift; path = DateFilterView.swift; sourceTree = "<group>"; };
		F85FD3522C74EE6300E38388 /* NewExpenseView.swift */ = {isa = PBXFileReference; lastKnownFileType = sourcecode.swift; path = NewExpenseView.swift; sourceTree = "<group>"; };
		F8B6F4852C6E4ED50005BBDE /* AlbumHome.swift */ = {isa = PBXFileReference; lastKnownFileType = sourcecode.swift; path = AlbumHome.swift; sourceTree = "<group>"; };
		F8B6F4872C6E4F740005BBDE /* PhotoScrollView.swift */ = {isa = PBXFileReference; lastKnownFileType = sourcecode.swift; path = PhotoScrollView.swift; sourceTree = "<group>"; };
		F8B6F4892C6E57AF0005BBDE /* OtherContents.swift */ = {isa = PBXFileReference; lastKnownFileType = sourcecode.swift; path = OtherContents.swift; sourceTree = "<group>"; };
		F8B6F48C2C6E59CC0005BBDE /* SharedData.swift */ = {isa = PBXFileReference; lastKnownFileType = sourcecode.swift; path = SharedData.swift; sourceTree = "<group>"; };
		F8B6F48E2C6EDBA20005BBDE /* PageIndicatorView.swift */ = {isa = PBXFileReference; lastKnownFileType = sourcecode.swift; path = PageIndicatorView.swift; sourceTree = "<group>"; };
		F8B6F4912C6EDF2F0005BBDE /* CustomerGesture.swift */ = {isa = PBXFileReference; lastKnownFileType = sourcecode.swift; path = CustomerGesture.swift; sourceTree = "<group>"; };
		F8C54AE52C76372800E6AA02 /* SwiftUICore.framework */ = {isa = PBXFileReference; lastKnownFileType = wrapper.framework; name = SwiftUICore.framework; path = Platforms/iPhoneOS.platform/Developer/SDKs/iPhoneOS18.0.sdk/System/Library/Frameworks/SwiftUICore.framework; sourceTree = DEVELOPER_DIR; };
		F8C54AE62C76372800E6AA02 /* SwiftUI.framework */ = {isa = PBXFileReference; lastKnownFileType = wrapper.framework; name = SwiftUI.framework; path = Platforms/iPhoneOS.platform/Developer/SDKs/iPhoneOS18.0.sdk/System/Library/Frameworks/SwiftUI.framework; sourceTree = DEVELOPER_DIR; };
		F8C54AE92C7641A600E6AA02 /* ChartModel.swift */ = {isa = PBXFileReference; lastKnownFileType = sourcecode.swift; path = ChartModel.swift; sourceTree = "<group>"; };
		F8EB56AA2C6C4AE0005BC760 /* Home.swift */ = {isa = PBXFileReference; lastKnownFileType = sourcecode.swift; path = Home.swift; sourceTree = "<group>"; };
		F8EB56AC2C6C4E02005BC760 /* CustomCornor.swift */ = {isa = PBXFileReference; lastKnownFileType = sourcecode.swift; path = CustomCornor.swift; sourceTree = "<group>"; };
		F8F8BF752C70BEB200F942F5 /* MusicHome.swift */ = {isa = PBXFileReference; lastKnownFileType = sourcecode.swift; path = MusicHome.swift; sourceTree = "<group>"; };
		F8FF794B2C533DFA0007101A /* App.app */ = {isa = PBXFileReference; explicitFileType = wrapper.application; includeInIndex = 0; path = App.app; sourceTree = BUILT_PRODUCTS_DIR; };
		F8FF794E2C533DFA0007101A /* AppApp.swift */ = {isa = PBXFileReference; lastKnownFileType = sourcecode.swift; path = AppApp.swift; sourceTree = "<group>"; };
		F8FF79502C533DFA0007101A /* ContentView.swift */ = {isa = PBXFileReference; lastKnownFileType = sourcecode.swift; path = ContentView.swift; sourceTree = "<group>"; };
		F8FF79522C533DFA0007101A /* Item.swift */ = {isa = PBXFileReference; lastKnownFileType = sourcecode.swift; path = Item.swift; sourceTree = "<group>"; };
		F8FF79542C533DFC0007101A /* Assets.xcassets */ = {isa = PBXFileReference; lastKnownFileType = folder.assetcatalog; path = Assets.xcassets; sourceTree = "<group>"; };
		F8FF79562C533DFC0007101A /* App.entitlements */ = {isa = PBXFileReference; lastKnownFileType = text.plist.entitlements; path = App.entitlements; sourceTree = "<group>"; };
		F8FF79582C533DFC0007101A /* Preview Assets.xcassets */ = {isa = PBXFileReference; lastKnownFileType = folder.assetcatalog; path = "Preview Assets.xcassets"; sourceTree = "<group>"; };
		F8FF795E2C533DFC0007101A /* AppTests.xctest */ = {isa = PBXFileReference; explicitFileType = wrapper.cfbundle; includeInIndex = 0; path = AppTests.xctest; sourceTree = BUILT_PRODUCTS_DIR; };
		F8FF79622C533DFC0007101A /* AppTests.swift */ = {isa = PBXFileReference; lastKnownFileType = sourcecode.swift; path = AppTests.swift; sourceTree = "<group>"; };
		F8FF79682C533DFC0007101A /* AppUITests.xctest */ = {isa = PBXFileReference; explicitFileType = wrapper.cfbundle; includeInIndex = 0; path = AppUITests.xctest; sourceTree = BUILT_PRODUCTS_DIR; };
		F8FF796C2C533DFC0007101A /* AppUITests.swift */ = {isa = PBXFileReference; lastKnownFileType = sourcecode.swift; path = AppUITests.swift; sourceTree = "<group>"; };
		F8FF796E2C533DFC0007101A /* AppUITestsLaunchTests.swift */ = {isa = PBXFileReference; lastKnownFileType = sourcecode.swift; path = AppUITestsLaunchTests.swift; sourceTree = "<group>"; };
/* End PBXFileReference section */

/* Begin PBXFrameworksBuildPhase section */
		F84541E72C778FAA0093290D /* Frameworks */ = {
			isa = PBXFrameworksBuildPhase;
			buildActionMask = 2147483647;
			files = (
				F84541ED2C778FAA0093290D /* SwiftUI.framework in Frameworks */,
				F84541EC2C778FAA0093290D /* WidgetKit.framework in Frameworks */,
			);
			runOnlyForDeploymentPostprocessing = 0;
		};
		F8FF79482C533DFA0007101A /* Frameworks */ = {
			isa = PBXFrameworksBuildPhase;
			buildActionMask = 2147483647;
			files = (
				F8C54AE72C76372800E6AA02 /* SwiftUICore.framework in Frameworks */,
				F8C54AE82C76372800E6AA02 /* SwiftUI.framework in Frameworks */,
			);
			runOnlyForDeploymentPostprocessing = 0;
		};
		F8FF795B2C533DFC0007101A /* Frameworks */ = {
			isa = PBXFrameworksBuildPhase;
			buildActionMask = 2147483647;
			files = (
			);
			runOnlyForDeploymentPostprocessing = 0;
		};
		F8FF79652C533DFC0007101A /* Frameworks */ = {
			isa = PBXFrameworksBuildPhase;
			buildActionMask = 2147483647;
			files = (
			);
			runOnlyForDeploymentPostprocessing = 0;
		};
/* End PBXFrameworksBuildPhase section */

/* Begin PBXGroup section */
		F83BB5C62C7245E2005B4EC9 /* ExpenseTracker */ = {
			isa = PBXGroup;
			children = (
				F83BB5C72C7245FE005B4EC9 /* IntroScreen.swift */,
				F83BB5C92C724784005B4EC9 /* Constant.swift */,
				F83BB5CB2C724A25005B4EC9 /* Tab.swift */,
				F83BB5CD2C724D78005B4EC9 /* Transaction.swift */,
				F83BB5CF2C724F7E005B4EC9 /* Recents.swift */,
				F83BB5D12C724FA3005B4EC9 /* Search.swift */,
				F83BB5D32C724FC6005B4EC9 /* Graphs.swift */,
				F83BB5D52C724FE0005B4EC9 /* Settings.swift */,
				F83BB5D72C725225005B4EC9 /* View+Extension.swift */,
				F82DC7B92C7417FE00E73F6B /* Date+Extesnsion.swift */,
				F82DC7BB2C741CB800E73F6B /* CardView.swift */,
				F85FD34E2C74E19100E38388 /* TransactionCardView.swift */,
				F85FD3502C74E77100E38388 /* DateFilterView.swift */,
				F85FD3522C74EE6300E38388 /* NewExpenseView.swift */,
				F8C54AE92C7641A600E6AA02 /* ChartModel.swift */,
			);
			path = ExpenseTracker;
			sourceTree = "<group>";
		};
		F84541EE2C778FAA0093290D /* StartCardView */ = {
			isa = PBXGroup;
			children = (
				F84541EF2C778FAA0093290D /* StartCardViewLiveActivity.swift */,
				F84541F12C778FAA0093290D /* StartCardViewBundle.swift */,
				F84541F32C778FAA0093290D /* StartCardViewControl.swift */,
				F84541F52C778FAA0093290D /* StartCardView.swift */,
				F84541F72C778FAA0093290D /* AppIntent.swift */,
				F84541F92C778FAC0093290D /* Assets.xcassets */,
				F84541FB2C778FAC0093290D /* Info.plist */,
			);
			path = StartCardView;
			sourceTree = "<group>";
		};
		F8B6F4842C6E4EBD0005BBDE /* Album */ = {
			isa = PBXGroup;
			children = (
				F8B6F4902C6EDF190005BBDE /* Helpers */,
				F8B6F48B2C6E59BF0005BBDE /* Model */,
				F8B6F4852C6E4ED50005BBDE /* AlbumHome.swift */,
				F8B6F4872C6E4F740005BBDE /* PhotoScrollView.swift */,
				F8B6F4892C6E57AF0005BBDE /* OtherContents.swift */,
				F8B6F48E2C6EDBA20005BBDE /* PageIndicatorView.swift */,
			);
			path = Album;
			sourceTree = "<group>";
		};
		F8B6F48B2C6E59BF0005BBDE /* Model */ = {
			isa = PBXGroup;
			children = (
				F8B6F48C2C6E59CC0005BBDE /* SharedData.swift */,
			);
			path = Model;
			sourceTree = "<group>";
		};
		F8B6F4902C6EDF190005BBDE /* Helpers */ = {
			isa = PBXGroup;
			children = (
				F8B6F4912C6EDF2F0005BBDE /* CustomerGesture.swift */,
			);
			path = Helpers;
			sourceTree = "<group>";
		};
		F8C54AE42C76372800E6AA02 /* Frameworks */ = {
			isa = PBXGroup;
			children = (
				F8C54AE62C76372800E6AA02 /* SwiftUI.framework */,
				F8C54AE52C76372800E6AA02 /* SwiftUICore.framework */,
				F84541EB2C778FAA0093290D /* WidgetKit.framework */,
			);
			name = Frameworks;
			sourceTree = "<group>";
		};
		F8EB56A92C6C4AC8005BC760 /* AppStore */ = {
			isa = PBXGroup;
			children = (
				F8EB56AA2C6C4AE0005BC760 /* Home.swift */,
				F8EB56AC2C6C4E02005BC760 /* CustomCornor.swift */,
			);
			path = AppStore;
			sourceTree = "<group>";
		};
		F8F8BF742C70BDA200F942F5 /* AppleMusic */ = {
			isa = PBXGroup;
			children = (
				F8F8BF752C70BEB200F942F5 /* MusicHome.swift */,
			);
			path = AppleMusic;
			sourceTree = "<group>";
		};
		F8FF79422C533DFA0007101A = {
			isa = PBXGroup;
			children = (
				F8FF794D2C533DFA0007101A /* App */,
				F8FF79612C533DFC0007101A /* AppTests */,
				F8FF796B2C533DFC0007101A /* AppUITests */,
				F84541EE2C778FAA0093290D /* StartCardView */,
				F8FF794C2C533DFA0007101A /* Products */,
				F8C54AE42C76372800E6AA02 /* Frameworks */,
			);
			sourceTree = "<group>";
		};
		F8FF794C2C533DFA0007101A /* Products */ = {
			isa = PBXGroup;
			children = (
				F8FF794B2C533DFA0007101A /* App.app */,
				F8FF795E2C533DFC0007101A /* AppTests.xctest */,
				F8FF79682C533DFC0007101A /* AppUITests.xctest */,
				F84541EA2C778FAA0093290D /* StartCardViewExtension.appex */,
			);
			name = Products;
			sourceTree = "<group>";
		};
		F8FF794D2C533DFA0007101A /* App */ = {
			isa = PBXGroup;
			children = (
				F83BB5C62C7245E2005B4EC9 /* ExpenseTracker */,
				F8F8BF742C70BDA200F942F5 /* AppleMusic */,
				F8B6F4842C6E4EBD0005BBDE /* Album */,
				F8EB56A92C6C4AC8005BC760 /* AppStore */,
				F8FF794E2C533DFA0007101A /* AppApp.swift */,
				F8FF79502C533DFA0007101A /* ContentView.swift */,
				F8FF79522C533DFA0007101A /* Item.swift */,
				F8FF79542C533DFC0007101A /* Assets.xcassets */,
				F8FF79562C533DFC0007101A /* App.entitlements */,
				F8FF79572C533DFC0007101A /* Preview Content */,
			);
			path = App;
			sourceTree = "<group>";
		};
		F8FF79572C533DFC0007101A /* Preview Content */ = {
			isa = PBXGroup;
			children = (
				F8FF79582C533DFC0007101A /* Preview Assets.xcassets */,
			);
			path = "Preview Content";
			sourceTree = "<group>";
		};
		F8FF79612C533DFC0007101A /* AppTests */ = {
			isa = PBXGroup;
			children = (
				F8FF79622C533DFC0007101A /* AppTests.swift */,
			);
			path = AppTests;
			sourceTree = "<group>";
		};
		F8FF796B2C533DFC0007101A /* AppUITests */ = {
			isa = PBXGroup;
			children = (
				F8FF796C2C533DFC0007101A /* AppUITests.swift */,
				F8FF796E2C533DFC0007101A /* AppUITestsLaunchTests.swift */,
			);
			path = AppUITests;
			sourceTree = "<group>";
		};
/* End PBXGroup section */

/* Begin PBXNativeTarget section */
		F84541E92C778FAA0093290D /* StartCardViewExtension */ = {
			isa = PBXNativeTarget;
			buildConfigurationList = F84542022C778FAC0093290D /* Build configuration list for PBXNativeTarget "StartCardViewExtension" */;
			buildPhases = (
				F84541E62C778FAA0093290D /* Sources */,
				F84541E72C778FAA0093290D /* Frameworks */,
				F84541E82C778FAA0093290D /* Resources */,
			);
			buildRules = (
			);
			dependencies = (
			);
			name = StartCardViewExtension;
			productName = StartCardViewExtension;
			productReference = F84541EA2C778FAA0093290D /* StartCardViewExtension.appex */;
			productType = "com.apple.product-type.app-extension";
		};
		F8FF794A2C533DFA0007101A /* App */ = {
			isa = PBXNativeTarget;
			buildConfigurationList = F8FF79722C533DFC0007101A /* Build configuration list for PBXNativeTarget "App" */;
			buildPhases = (
				F8FF79472C533DFA0007101A /* Sources */,
				F8FF79482C533DFA0007101A /* Frameworks */,
				F8FF79492C533DFA0007101A /* Resources */,
				F84541FE2C778FAC0093290D /* Embed Foundation Extensions */,
			);
			buildRules = (
			);
			dependencies = (
				F84541FD2C778FAC0093290D /* PBXTargetDependency */,
			);
			name = App;
			productName = App;
			productReference = F8FF794B2C533DFA0007101A /* App.app */;
			productType = "com.apple.product-type.application";
		};
		F8FF795D2C533DFC0007101A /* AppTests */ = {
			isa = PBXNativeTarget;
			buildConfigurationList = F8FF79752C533DFC0007101A /* Build configuration list for PBXNativeTarget "AppTests" */;
			buildPhases = (
				F8FF795A2C533DFC0007101A /* Sources */,
				F8FF795B2C533DFC0007101A /* Frameworks */,
				F8FF795C2C533DFC0007101A /* Resources */,
			);
			buildRules = (
			);
			dependencies = (
				F8FF79602C533DFC0007101A /* PBXTargetDependency */,
			);
			name = AppTests;
			productName = AppTests;
			productReference = F8FF795E2C533DFC0007101A /* AppTests.xctest */;
			productType = "com.apple.product-type.bundle.unit-test";
		};
		F8FF79672C533DFC0007101A /* AppUITests */ = {
			isa = PBXNativeTarget;
			buildConfigurationList = F8FF79782C533DFC0007101A /* Build configuration list for PBXNativeTarget "AppUITests" */;
			buildPhases = (
				F8FF79642C533DFC0007101A /* Sources */,
				F8FF79652C533DFC0007101A /* Frameworks */,
				F8FF79662C533DFC0007101A /* Resources */,
			);
			buildRules = (
			);
			dependencies = (
				F8FF796A2C533DFC0007101A /* PBXTargetDependency */,
			);
			name = AppUITests;
			productName = AppUITests;
			productReference = F8FF79682C533DFC0007101A /* AppUITests.xctest */;
			productType = "com.apple.product-type.bundle.ui-testing";
		};
/* End PBXNativeTarget section */

/* Begin PBXProject section */
		F8FF79432C533DFA0007101A /* Project object */ = {
			isa = PBXProject;
			attributes = {
				BuildIndependentTargetsInParallel = 1;
				LastSwiftUpdateCheck = 1600;
				LastUpgradeCheck = 1600;
				TargetAttributes = {
					F84541E92C778FAA0093290D = {
						CreatedOnToolsVersion = 16.0;
					};
					F8FF794A2C533DFA0007101A = {
						CreatedOnToolsVersion = 16.0;
					};
					F8FF795D2C533DFC0007101A = {
						CreatedOnToolsVersion = 16.0;
						TestTargetID = F8FF794A2C533DFA0007101A;
					};
					F8FF79672C533DFC0007101A = {
						CreatedOnToolsVersion = 16.0;
						TestTargetID = F8FF794A2C533DFA0007101A;
					};
				};
			};
			buildConfigurationList = F8FF79462C533DFA0007101A /* Build configuration list for PBXProject "App" */;
			compatibilityVersion = "Xcode 15.0";
			developmentRegion = en;
			hasScannedForEncodings = 0;
			knownRegions = (
				en,
				Base,
			);
			mainGroup = F8FF79422C533DFA0007101A;
			productRefGroup = F8FF794C2C533DFA0007101A /* Products */;
			projectDirPath = "";
			projectRoot = "";
			targets = (
				F8FF794A2C533DFA0007101A /* App */,
				F8FF795D2C533DFC0007101A /* AppTests */,
				F8FF79672C533DFC0007101A /* AppUITests */,
				F84541E92C778FAA0093290D /* StartCardViewExtension */,
			);
		};
/* End PBXProject section */

/* Begin PBXResourcesBuildPhase section */
		F84541E82C778FAA0093290D /* Resources */ = {
			isa = PBXResourcesBuildPhase;
			buildActionMask = 2147483647;
			files = (
				F84541FA2C778FAC0093290D /* Assets.xcassets in Resources */,
			);
			runOnlyForDeploymentPostprocessing = 0;
		};
		F8FF79492C533DFA0007101A /* Resources */ = {
			isa = PBXResourcesBuildPhase;
			buildActionMask = 2147483647;
			files = (
				F8FF79592C533DFC0007101A /* Preview Assets.xcassets in Resources */,
				F8FF79552C533DFC0007101A /* Assets.xcassets in Resources */,
			);
			runOnlyForDeploymentPostprocessing = 0;
		};
		F8FF795C2C533DFC0007101A /* Resources */ = {
			isa = PBXResourcesBuildPhase;
			buildActionMask = 2147483647;
			files = (
			);
			runOnlyForDeploymentPostprocessing = 0;
		};
		F8FF79662C533DFC0007101A /* Resources */ = {
			isa = PBXResourcesBuildPhase;
			buildActionMask = 2147483647;
			files = (
			);
			runOnlyForDeploymentPostprocessing = 0;
		};
/* End PBXResourcesBuildPhase section */

/* Begin PBXSourcesBuildPhase section */
		F84541E62C778FAA0093290D /* Sources */ = {
			isa = PBXSourcesBuildPhase;
			buildActionMask = 2147483647;
			files = (
				F84541F02C778FAA0093290D /* StartCardViewLiveActivity.swift in Sources */,
				F84541F62C778FAA0093290D /* StartCardView.swift in Sources */,
				F84541F82C778FAA0093290D /* AppIntent.swift in Sources */,
				F84541F42C778FAA0093290D /* StartCardViewControl.swift in Sources */,
				F84541F22C778FAA0093290D /* StartCardViewBundle.swift in Sources */,
			);
			runOnlyForDeploymentPostprocessing = 0;
		};
		F8FF79472C533DFA0007101A /* Sources */ = {
			isa = PBXSourcesBuildPhase;
			buildActionMask = 2147483647;
			files = (
				F8B6F48D2C6E59CC0005BBDE /* SharedData.swift in Sources */,
				F8FF79512C533DFA0007101A /* ContentView.swift in Sources */,
				F83BB5CE2C724D78005B4EC9 /* Transaction.swift in Sources */,
				F85FD3512C74E77100E38388 /* DateFilterView.swift in Sources */,
				F8FF79532C533DFA0007101A /* Item.swift in Sources */,
				F8B6F4882C6E4F740005BBDE /* PhotoScrollView.swift in Sources */,
				F85FD34F2C74E19100E38388 /* TransactionCardView.swift in Sources */,
				F8EB56AB2C6C4AE0005BC760 /* Home.swift in Sources */,
				F8B6F4862C6E4ED50005BBDE /* AlbumHome.swift in Sources */,
				F8EB56AD2C6C4E02005BC760 /* CustomCornor.swift in Sources */,
				F83BB5CA2C724784005B4EC9 /* Constant.swift in Sources */,
				F82DC7BA2C7417FE00E73F6B /* Date+Extesnsion.swift in Sources */,
				F85FD3532C74EE6300E38388 /* NewExpenseView.swift in Sources */,
				F8B6F48A2C6E57AF0005BBDE /* OtherContents.swift in Sources */,
				F8F8BF762C70BEB200F942F5 /* MusicHome.swift in Sources */,
				F83BB5D42C724FC6005B4EC9 /* Graphs.swift in Sources */,
				F83BB5D22C724FA3005B4EC9 /* Search.swift in Sources */,
				F8FF794F2C533DFA0007101A /* AppApp.swift in Sources */,
				F83BB5D62C724FE0005B4EC9 /* Settings.swift in Sources */,
				F83BB5D02C724F7E005B4EC9 /* Recents.swift in Sources */,
				F83BB5C82C7245FE005B4EC9 /* IntroScreen.swift in Sources */,
				F82DC7BC2C741CB800E73F6B /* CardView.swift in Sources */,
				F8C54AEA2C7641A600E6AA02 /* ChartModel.swift in Sources */,
				F83BB5CC2C724A25005B4EC9 /* Tab.swift in Sources */,
				F8B6F48F2C6EDBA20005BBDE /* PageIndicatorView.swift in Sources */,
				F83BB5D82C725225005B4EC9 /* View+Extension.swift in Sources */,
				F8B6F4922C6EDF2F0005BBDE /* CustomerGesture.swift in Sources */,
			);
			runOnlyForDeploymentPostprocessing = 0;
		};
		F8FF795A2C533DFC0007101A /* Sources */ = {
			isa = PBXSourcesBuildPhase;
			buildActionMask = 2147483647;
			files = (
				F8FF79632C533DFC0007101A /* AppTests.swift in Sources */,
			);
			runOnlyForDeploymentPostprocessing = 0;
		};
		F8FF79642C533DFC0007101A /* Sources */ = {
			isa = PBXSourcesBuildPhase;
			buildActionMask = 2147483647;
			files = (
				F8FF796F2C533DFC0007101A /* AppUITestsLaunchTests.swift in Sources */,
				F8FF796D2C533DFC0007101A /* AppUITests.swift in Sources */,
			);
			runOnlyForDeploymentPostprocessing = 0;
		};
/* End PBXSourcesBuildPhase section */

/* Begin PBXTargetDependency section */
		F84541FD2C778FAC0093290D /* PBXTargetDependency */ = {
			isa = PBXTargetDependency;
			target = F84541E92C778FAA0093290D /* StartCardViewExtension */;
			targetProxy = F84541FC2C778FAC0093290D /* PBXContainerItemProxy */;
		};
		F8FF79602C533DFC0007101A /* PBXTargetDependency */ = {
			isa = PBXTargetDependency;
			target = F8FF794A2C533DFA0007101A /* App */;
			targetProxy = F8FF795F2C533DFC0007101A /* PBXContainerItemProxy */;
		};
		F8FF796A2C533DFC0007101A /* PBXTargetDependency */ = {
			isa = PBXTargetDependency;
			target = F8FF794A2C533DFA0007101A /* App */;
			targetProxy = F8FF79692C533DFC0007101A /* PBXContainerItemProxy */;
		};
/* End PBXTargetDependency section */

/* Begin XCBuildConfiguration section */
		F84542002C778FAC0093290D /* Debug */ = {
			isa = XCBuildConfiguration;
			buildSettings = {
				ASSETCATALOG_COMPILER_GLOBAL_ACCENT_COLOR_NAME = AccentColor;
				ASSETCATALOG_COMPILER_WIDGET_BACKGROUND_COLOR_NAME = WidgetBackground;
				CODE_SIGN_STYLE = Manual;
				CURRENT_PROJECT_VERSION = 1;
				DEVELOPMENT_TEAM = "";
				GENERATE_INFOPLIST_FILE = YES;
				INFOPLIST_FILE = StartCardView/Info.plist;
				INFOPLIST_KEY_CFBundleDisplayName = StartCardView;
				INFOPLIST_KEY_NSHumanReadableCopyright = "";
				IPHONEOS_DEPLOYMENT_TARGET = 18.0;
				LD_RUNPATH_SEARCH_PATHS = (
					"$(inherited)",
					"@executable_path/Frameworks",
					"@executable_path/../../Frameworks",
				);
				MARKETING_VERSION = 1.0;
				PRODUCT_BUNDLE_IDENTIFIER = com.renjun.App.StartCardView;
				PRODUCT_NAME = "$(TARGET_NAME)";
				PROVISIONING_PROFILE_SPECIFIER = "";
				SDKROOT = iphoneos;
				SKIP_INSTALL = YES;
				SWIFT_EMIT_LOC_STRINGS = YES;
				SWIFT_VERSION = 5.0;
				TARGETED_DEVICE_FAMILY = "1,2";
			};
			name = Debug;
		};
		F84542012C778FAC0093290D /* Release */ = {
			isa = XCBuildConfiguration;
			buildSettings = {
				ASSETCATALOG_COMPILER_GLOBAL_ACCENT_COLOR_NAME = AccentColor;
				ASSETCATALOG_COMPILER_WIDGET_BACKGROUND_COLOR_NAME = WidgetBackground;
				CODE_SIGN_STYLE = Manual;
				CURRENT_PROJECT_VERSION = 1;
				DEVELOPMENT_TEAM = "";
				GENERATE_INFOPLIST_FILE = YES;
				INFOPLIST_FILE = StartCardView/Info.plist;
				INFOPLIST_KEY_CFBundleDisplayName = StartCardView;
				INFOPLIST_KEY_NSHumanReadableCopyright = "";
				IPHONEOS_DEPLOYMENT_TARGET = 18.0;
				LD_RUNPATH_SEARCH_PATHS = (
					"$(inherited)",
					"@executable_path/Frameworks",
					"@executable_path/../../Frameworks",
				);
				MARKETING_VERSION = 1.0;
				PRODUCT_BUNDLE_IDENTIFIER = com.renjun.App.StartCardView;
				PRODUCT_NAME = "$(TARGET_NAME)";
				PROVISIONING_PROFILE_SPECIFIER = "";
				SDKROOT = iphoneos;
				SKIP_INSTALL = YES;
				SWIFT_EMIT_LOC_STRINGS = YES;
				SWIFT_VERSION = 5.0;
				TARGETED_DEVICE_FAMILY = "1,2";
				VALIDATE_PRODUCT = YES;
			};
			name = Release;
		};
		F8FF79702C533DFC0007101A /* Debug */ = {
			isa = XCBuildConfiguration;
			buildSettings = {
				ALWAYS_SEARCH_USER_PATHS = NO;
				ASSETCATALOG_COMPILER_GENERATE_SWIFT_ASSET_SYMBOL_EXTENSIONS = YES;
				CLANG_ANALYZER_NONNULL = YES;
				CLANG_ANALYZER_NUMBER_OBJECT_CONVERSION = YES_AGGRESSIVE;
				CLANG_CXX_LANGUAGE_STANDARD = "gnu++20";
				CLANG_ENABLE_MODULES = YES;
				CLANG_ENABLE_OBJC_ARC = YES;
				CLANG_ENABLE_OBJC_WEAK = YES;
				CLANG_WARN_BLOCK_CAPTURE_AUTORELEASING = YES;
				CLANG_WARN_BOOL_CONVERSION = YES;
				CLANG_WARN_COMMA = YES;
				CLANG_WARN_CONSTANT_CONVERSION = YES;
				CLANG_WARN_DEPRECATED_OBJC_IMPLEMENTATIONS = YES;
				CLANG_WARN_DIRECT_OBJC_ISA_USAGE = YES_ERROR;
				CLANG_WARN_DOCUMENTATION_COMMENTS = YES;
				CLANG_WARN_EMPTY_BODY = YES;
				CLANG_WARN_ENUM_CONVERSION = YES;
				CLANG_WARN_INFINITE_RECURSION = YES;
				CLANG_WARN_INT_CONVERSION = YES;
				CLANG_WARN_NON_LITERAL_NULL_CONVERSION = YES;
				CLANG_WARN_OBJC_IMPLICIT_RETAIN_SELF = YES;
				CLANG_WARN_OBJC_LITERAL_CONVERSION = YES;
				CLANG_WARN_OBJC_ROOT_CLASS = YES_ERROR;
				CLANG_WARN_QUOTED_INCLUDE_IN_FRAMEWORK_HEADER = YES;
				CLANG_WARN_RANGE_LOOP_ANALYSIS = YES;
				CLANG_WARN_STRICT_PROTOTYPES = YES;
				CLANG_WARN_SUSPICIOUS_MOVE = YES;
				CLANG_WARN_UNGUARDED_AVAILABILITY = YES_AGGRESSIVE;
				CLANG_WARN_UNREACHABLE_CODE = YES;
				CLANG_WARN__DUPLICATE_METHOD_MATCH = YES;
				COPY_PHASE_STRIP = NO;
				DEBUG_INFORMATION_FORMAT = dwarf;
				ENABLE_STRICT_OBJC_MSGSEND = YES;
				ENABLE_TESTABILITY = YES;
				ENABLE_USER_SCRIPT_SANDBOXING = YES;
				GCC_C_LANGUAGE_STANDARD = gnu17;
				GCC_DYNAMIC_NO_PIC = NO;
				GCC_NO_COMMON_BLOCKS = YES;
				GCC_OPTIMIZATION_LEVEL = 0;
				GCC_PREPROCESSOR_DEFINITIONS = (
					"DEBUG=1",
					"$(inherited)",
				);
				GCC_WARN_64_TO_32_BIT_CONVERSION = YES;
				GCC_WARN_ABOUT_RETURN_TYPE = YES_ERROR;
				GCC_WARN_UNDECLARED_SELECTOR = YES;
				GCC_WARN_UNINITIALIZED_AUTOS = YES_AGGRESSIVE;
				GCC_WARN_UNUSED_FUNCTION = YES;
				GCC_WARN_UNUSED_VARIABLE = YES;
				LOCALIZATION_PREFERS_STRING_CATALOGS = YES;
				MTL_ENABLE_DEBUG_INFO = INCLUDE_SOURCE;
				MTL_FAST_MATH = YES;
				ONLY_ACTIVE_ARCH = YES;
				SWIFT_ACTIVE_COMPILATION_CONDITIONS = "DEBUG $(inherited)";
				SWIFT_OPTIMIZATION_LEVEL = "-Onone";
			};
			name = Debug;
		};
		F8FF79712C533DFC0007101A /* Release */ = {
			isa = XCBuildConfiguration;
			buildSettings = {
				ALWAYS_SEARCH_USER_PATHS = NO;
				ASSETCATALOG_COMPILER_GENERATE_SWIFT_ASSET_SYMBOL_EXTENSIONS = YES;
				CLANG_ANALYZER_NONNULL = YES;
				CLANG_ANALYZER_NUMBER_OBJECT_CONVERSION = YES_AGGRESSIVE;
				CLANG_CXX_LANGUAGE_STANDARD = "gnu++20";
				CLANG_ENABLE_MODULES = YES;
				CLANG_ENABLE_OBJC_ARC = YES;
				CLANG_ENABLE_OBJC_WEAK = YES;
				CLANG_WARN_BLOCK_CAPTURE_AUTORELEASING = YES;
				CLANG_WARN_BOOL_CONVERSION = YES;
				CLANG_WARN_COMMA = YES;
				CLANG_WARN_CONSTANT_CONVERSION = YES;
				CLANG_WARN_DEPRECATED_OBJC_IMPLEMENTATIONS = YES;
				CLANG_WARN_DIRECT_OBJC_ISA_USAGE = YES_ERROR;
				CLANG_WARN_DOCUMENTATION_COMMENTS = YES;
				CLANG_WARN_EMPTY_BODY = YES;
				CLANG_WARN_ENUM_CONVERSION = YES;
				CLANG_WARN_INFINITE_RECURSION = YES;
				CLANG_WARN_INT_CONVERSION = YES;
				CLANG_WARN_NON_LITERAL_NULL_CONVERSION = YES;
				CLANG_WARN_OBJC_IMPLICIT_RETAIN_SELF = YES;
				CLANG_WARN_OBJC_LITERAL_CONVERSION = YES;
				CLANG_WARN_OBJC_ROOT_CLASS = YES_ERROR;
				CLANG_WARN_QUOTED_INCLUDE_IN_FRAMEWORK_HEADER = YES;
				CLANG_WARN_RANGE_LOOP_ANALYSIS = YES;
				CLANG_WARN_STRICT_PROTOTYPES = YES;
				CLANG_WARN_SUSPICIOUS_MOVE = YES;
				CLANG_WARN_UNGUARDED_AVAILABILITY = YES_AGGRESSIVE;
				CLANG_WARN_UNREACHABLE_CODE = YES;
				CLANG_WARN__DUPLICATE_METHOD_MATCH = YES;
				COPY_PHASE_STRIP = NO;
				DEBUG_INFORMATION_FORMAT = "dwarf-with-dsym";
				ENABLE_NS_ASSERTIONS = NO;
				ENABLE_STRICT_OBJC_MSGSEND = YES;
				ENABLE_USER_SCRIPT_SANDBOXING = YES;
				GCC_C_LANGUAGE_STANDARD = gnu17;
				GCC_NO_COMMON_BLOCKS = YES;
				GCC_WARN_64_TO_32_BIT_CONVERSION = YES;
				GCC_WARN_ABOUT_RETURN_TYPE = YES_ERROR;
				GCC_WARN_UNDECLARED_SELECTOR = YES;
				GCC_WARN_UNINITIALIZED_AUTOS = YES_AGGRESSIVE;
				GCC_WARN_UNUSED_FUNCTION = YES;
				GCC_WARN_UNUSED_VARIABLE = YES;
				LOCALIZATION_PREFERS_STRING_CATALOGS = YES;
				MTL_ENABLE_DEBUG_INFO = NO;
				MTL_FAST_MATH = YES;
				SWIFT_COMPILATION_MODE = wholemodule;
			};
			name = Release;
		};
		F8FF79732C533DFC0007101A /* Debug */ = {
			isa = XCBuildConfiguration;
			buildSettings = {
				ASSETCATALOG_COMPILER_APPICON_NAME = AppIcon;
				ASSETCATALOG_COMPILER_GLOBAL_ACCENT_COLOR_NAME = AccentColor;
				CODE_SIGN_ENTITLEMENTS = App/App.entitlements;
				CODE_SIGN_STYLE = Manual;
				CURRENT_PROJECT_VERSION = 1;
				DEVELOPMENT_ASSET_PATHS = "\"App/Preview Content\"";
				DEVELOPMENT_TEAM = "";
				ENABLE_PREVIEWS = YES;
				GENERATE_INFOPLIST_FILE = YES;
				"INFOPLIST_KEY_UIApplicationSceneManifest_Generation[sdk=iphoneos*]" = YES;
				"INFOPLIST_KEY_UIApplicationSceneManifest_Generation[sdk=iphonesimulator*]" = YES;
				"INFOPLIST_KEY_UIApplicationSupportsIndirectInputEvents[sdk=iphoneos*]" = YES;
				"INFOPLIST_KEY_UIApplicationSupportsIndirectInputEvents[sdk=iphonesimulator*]" = YES;
				"INFOPLIST_KEY_UILaunchScreen_Generation[sdk=iphoneos*]" = YES;
				"INFOPLIST_KEY_UILaunchScreen_Generation[sdk=iphonesimulator*]" = YES;
				"INFOPLIST_KEY_UIStatusBarStyle[sdk=iphoneos*]" = UIStatusBarStyleDefault;
				"INFOPLIST_KEY_UIStatusBarStyle[sdk=iphonesimulator*]" = UIStatusBarStyleDefault;
				INFOPLIST_KEY_UISupportedInterfaceOrientations_iPad = "UIInterfaceOrientationPortrait UIInterfaceOrientationPortraitUpsideDown UIInterfaceOrientationLandscapeLeft UIInterfaceOrientationLandscapeRight";
				INFOPLIST_KEY_UISupportedInterfaceOrientations_iPhone = "UIInterfaceOrientationPortrait UIInterfaceOrientationLandscapeLeft UIInterfaceOrientationLandscapeRight";
				IPHONEOS_DEPLOYMENT_TARGET = 17.0;
				LD_RUNPATH_SEARCH_PATHS = "@executable_path/Frameworks";
				"LD_RUNPATH_SEARCH_PATHS[sdk=macosx*]" = "@executable_path/../Frameworks";
				MACOSX_DEPLOYMENT_TARGET = 14.0;
				MARKETING_VERSION = 1.0;
				PRODUCT_BUNDLE_IDENTIFIER = com.renjun.App;
				PRODUCT_NAME = "$(TARGET_NAME)";
				PROVISIONING_PROFILE_SPECIFIER = "";
				SDKROOT = auto;
				SUPPORTED_PLATFORMS = "iphoneos iphonesimulator macosx";
				SUPPORTS_MACCATALYST = NO;
				SWIFT_EMIT_LOC_STRINGS = YES;
				SWIFT_VERSION = 5.0;
				TARGETED_DEVICE_FAMILY = "1,2";
				XROS_DEPLOYMENT_TARGET = 2.0;
			};
			name = Debug;
		};
		F8FF79742C533DFC0007101A /* Release */ = {
			isa = XCBuildConfiguration;
			buildSettings = {
				ASSETCATALOG_COMPILER_APPICON_NAME = AppIcon;
				ASSETCATALOG_COMPILER_GLOBAL_ACCENT_COLOR_NAME = AccentColor;
				CODE_SIGN_ENTITLEMENTS = App/App.entitlements;
				CODE_SIGN_STYLE = Manual;
				CURRENT_PROJECT_VERSION = 1;
				DEVELOPMENT_ASSET_PATHS = "\"App/Preview Content\"";
				DEVELOPMENT_TEAM = "";
				ENABLE_PREVIEWS = YES;
				GENERATE_INFOPLIST_FILE = YES;
				"INFOPLIST_KEY_UIApplicationSceneManifest_Generation[sdk=iphoneos*]" = YES;
				"INFOPLIST_KEY_UIApplicationSceneManifest_Generation[sdk=iphonesimulator*]" = YES;
				"INFOPLIST_KEY_UIApplicationSupportsIndirectInputEvents[sdk=iphoneos*]" = YES;
				"INFOPLIST_KEY_UIApplicationSupportsIndirectInputEvents[sdk=iphonesimulator*]" = YES;
				"INFOPLIST_KEY_UILaunchScreen_Generation[sdk=iphoneos*]" = YES;
				"INFOPLIST_KEY_UILaunchScreen_Generation[sdk=iphonesimulator*]" = YES;
				"INFOPLIST_KEY_UIStatusBarStyle[sdk=iphoneos*]" = UIStatusBarStyleDefault;
				"INFOPLIST_KEY_UIStatusBarStyle[sdk=iphonesimulator*]" = UIStatusBarStyleDefault;
				INFOPLIST_KEY_UISupportedInterfaceOrientations_iPad = "UIInterfaceOrientationPortrait UIInterfaceOrientationPortraitUpsideDown UIInterfaceOrientationLandscapeLeft UIInterfaceOrientationLandscapeRight";
				INFOPLIST_KEY_UISupportedInterfaceOrientations_iPhone = "UIInterfaceOrientationPortrait UIInterfaceOrientationLandscapeLeft UIInterfaceOrientationLandscapeRight";
				IPHONEOS_DEPLOYMENT_TARGET = 17.0;
				LD_RUNPATH_SEARCH_PATHS = "@executable_path/Frameworks";
				"LD_RUNPATH_SEARCH_PATHS[sdk=macosx*]" = "@executable_path/../Frameworks";
				MACOSX_DEPLOYMENT_TARGET = 14.0;
				MARKETING_VERSION = 1.0;
				PRODUCT_BUNDLE_IDENTIFIER = com.renjun.App;
				PRODUCT_NAME = "$(TARGET_NAME)";
				PROVISIONING_PROFILE_SPECIFIER = "";
				SDKROOT = auto;
				SUPPORTED_PLATFORMS = "iphoneos iphonesimulator macosx";
				SUPPORTS_MACCATALYST = NO;
				SWIFT_EMIT_LOC_STRINGS = YES;
				SWIFT_VERSION = 5.0;
				TARGETED_DEVICE_FAMILY = "1,2";
				XROS_DEPLOYMENT_TARGET = 2.0;
			};
			name = Release;
		};
		F8FF79762C533DFC0007101A /* Debug */ = {
			isa = XCBuildConfiguration;
			buildSettings = {
				BUNDLE_LOADER = "$(TEST_HOST)";
				CODE_SIGN_STYLE = Automatic;
				CURRENT_PROJECT_VERSION = 1;
				GENERATE_INFOPLIST_FILE = YES;
				IPHONEOS_DEPLOYMENT_TARGET = 18.0;
				MACOSX_DEPLOYMENT_TARGET = 15.0;
				MARKETING_VERSION = 1.0;
				PRODUCT_BUNDLE_IDENTIFIER = com.renjun.AppTests;
				PRODUCT_NAME = "$(TARGET_NAME)";
				SDKROOT = auto;
				SUPPORTED_PLATFORMS = "iphoneos iphonesimulator macosx xros xrsimulator";
				SWIFT_EMIT_LOC_STRINGS = NO;
				SWIFT_VERSION = 5.0;
				TARGETED_DEVICE_FAMILY = "1,2,7";
				TEST_HOST = "$(BUILT_PRODUCTS_DIR)/App.app/$(BUNDLE_EXECUTABLE_FOLDER_PATH)/App";
				XROS_DEPLOYMENT_TARGET = 2.0;
			};
			name = Debug;
		};
		F8FF79772C533DFC0007101A /* Release */ = {
			isa = XCBuildConfiguration;
			buildSettings = {
				BUNDLE_LOADER = "$(TEST_HOST)";
				CODE_SIGN_STYLE = Automatic;
				CURRENT_PROJECT_VERSION = 1;
				GENERATE_INFOPLIST_FILE = YES;
				IPHONEOS_DEPLOYMENT_TARGET = 18.0;
				MACOSX_DEPLOYMENT_TARGET = 15.0;
				MARKETING_VERSION = 1.0;
				PRODUCT_BUNDLE_IDENTIFIER = com.renjun.AppTests;
				PRODUCT_NAME = "$(TARGET_NAME)";
				SDKROOT = auto;
				SUPPORTED_PLATFORMS = "iphoneos iphonesimulator macosx xros xrsimulator";
				SWIFT_EMIT_LOC_STRINGS = NO;
				SWIFT_VERSION = 5.0;
				TARGETED_DEVICE_FAMILY = "1,2,7";
				TEST_HOST = "$(BUILT_PRODUCTS_DIR)/App.app/$(BUNDLE_EXECUTABLE_FOLDER_PATH)/App";
				XROS_DEPLOYMENT_TARGET = 2.0;
			};
			name = Release;
		};
		F8FF79792C533DFC0007101A /* Debug */ = {
			isa = XCBuildConfiguration;
			buildSettings = {
				CODE_SIGN_STYLE = Automatic;
				CURRENT_PROJECT_VERSION = 1;
				GENERATE_INFOPLIST_FILE = YES;
				IPHONEOS_DEPLOYMENT_TARGET = 18.0;
				MACOSX_DEPLOYMENT_TARGET = 15.0;
				MARKETING_VERSION = 1.0;
				PRODUCT_BUNDLE_IDENTIFIER = com.renjun.AppUITests;
				PRODUCT_NAME = "$(TARGET_NAME)";
				SDKROOT = auto;
				SUPPORTED_PLATFORMS = "iphoneos iphonesimulator macosx xros xrsimulator";
				SWIFT_EMIT_LOC_STRINGS = NO;
				SWIFT_VERSION = 5.0;
				TARGETED_DEVICE_FAMILY = "1,2,7";
				TEST_TARGET_NAME = App;
				XROS_DEPLOYMENT_TARGET = 2.0;
			};
			name = Debug;
		};
		F8FF797A2C533DFC0007101A /* Release */ = {
			isa = XCBuildConfiguration;
			buildSettings = {
				CODE_SIGN_STYLE = Automatic;
				CURRENT_PROJECT_VERSION = 1;
				GENERATE_INFOPLIST_FILE = YES;
				IPHONEOS_DEPLOYMENT_TARGET = 18.0;
				MACOSX_DEPLOYMENT_TARGET = 15.0;
				MARKETING_VERSION = 1.0;
				PRODUCT_BUNDLE_IDENTIFIER = com.renjun.AppUITests;
				PRODUCT_NAME = "$(TARGET_NAME)";
				SDKROOT = auto;
				SUPPORTED_PLATFORMS = "iphoneos iphonesimulator macosx xros xrsimulator";
				SWIFT_EMIT_LOC_STRINGS = NO;
				SWIFT_VERSION = 5.0;
				TARGETED_DEVICE_FAMILY = "1,2,7";
				TEST_TARGET_NAME = App;
				XROS_DEPLOYMENT_TARGET = 2.0;
			};
			name = Release;
		};
/* End XCBuildConfiguration section */

/* Begin XCConfigurationList section */
		F84542022C778FAC0093290D /* Build configuration list for PBXNativeTarget "StartCardViewExtension" */ = {
			isa = XCConfigurationList;
			buildConfigurations = (
				F84542002C778FAC0093290D /* Debug */,
				F84542012C778FAC0093290D /* Release */,
			);
			defaultConfigurationIsVisible = 0;
			defaultConfigurationName = Release;
		};
		F8FF79462C533DFA0007101A /* Build configuration list for PBXProject "App" */ = {
			isa = XCConfigurationList;
			buildConfigurations = (
				F8FF79702C533DFC0007101A /* Debug */,
				F8FF79712C533DFC0007101A /* Release */,
			);
			defaultConfigurationIsVisible = 0;
			defaultConfigurationName = Release;
		};
		F8FF79722C533DFC0007101A /* Build configuration list for PBXNativeTarget "App" */ = {
			isa = XCConfigurationList;
			buildConfigurations = (
				F8FF79732C533DFC0007101A /* Debug */,
				F8FF79742C533DFC0007101A /* Release */,
			);
			defaultConfigurationIsVisible = 0;
			defaultConfigurationName = Release;
		};
		F8FF79752C533DFC0007101A /* Build configuration list for PBXNativeTarget "AppTests" */ = {
			isa = XCConfigurationList;
			buildConfigurations = (
				F8FF79762C533DFC0007101A /* Debug */,
				F8FF79772C533DFC0007101A /* Release */,
			);
			defaultConfigurationIsVisible = 0;
			defaultConfigurationName = Release;
		};
		F8FF79782C533DFC0007101A /* Build configuration list for PBXNativeTarget "AppUITests" */ = {
			isa = XCConfigurationList;
			buildConfigurations = (
				F8FF79792C533DFC0007101A /* Debug */,
				F8FF797A2C533DFC0007101A /* Release */,
			);
			defaultConfigurationIsVisible = 0;
			defaultConfigurationName = Release;
		};
/* End XCConfigurationList section */
	};
	rootObject = F8FF79432C533DFA0007101A /* Project object */;
}
